
Microsoft Visual Studio Solution File, Format Version 11.00
# Visual Studio 2010
Project("{FAE04EC0-301F-11D3-BF4B-00C04F79EFBC}") = "LiuHuaWeb", "LiuHuaWeb\LiuHuaWeb.csproj", "{87B7DBD3-CBF6-465A-A788-EE60C984D73C}"
EndProject
Global
	GlobalSection(SolutionConfigurationPlatforms) = preSolution
		Debug|Any CPU = Debug|Any CPU
		Release|Any CPU = Release|Any CPU
	EndGlobalSection
	GlobalSection(ProjectConfigurationPlatforms) = postSolution
		{87B7DBD3-CBF6-465A-A788-EE60C984D73C}.Debug|Any CPU.ActiveCfg = Debug|Any CPU
		{87B7DBD3-CBF6-465A-A788-EE60C984D73C}.Debug|Any CPU.Build.0 = Debug|Any CPU
		{87B7DBD3-CBF6-465A-A788-EE60C984D73C}.Release|Any CPU.ActiveCfg = Release|Any CPU
		{87B7DBD3-CBF6-465A-A788-EE60C984D73C}.Release|Any CPU.Build.0 = Release|Any CPU
	EndGlobalSection
	GlobalSection(SolutionProperties) = preSolution
		HideSolutionNode = FALSE
	EndGlobalSection
EndGlobal
